
Microsoft Visual Studio Solution File, Format Version 12.00
# Visual Studio Version 16
VisualStudioVersion = 16.0.31205.134
MinimumVisualStudioVersion = 10.0.40219.1
Project("{9A19103F-16F7-4668-BE54-9A1E7A4F7556}") = "SchoolProject", "WebApplication1\SchoolProject.csproj", "{3A9A51E9-C6DF-4E8F-8430-0818769211E3}"
EndProject
Global
	GlobalSection(SolutionConfigurationPlatforms) = preSolution
		Debug|Any CPU = Debug|Any CPU
		Release|Any CPU = Release|Any CPU
	EndGlobalSection
	GlobalSection(ProjectConfigurationPlatforms) = postSolution
		{3A9A51E9-C6DF-4E8F-8430-0818769211E3}.Debug|Any CPU.ActiveCfg = Debug|Any CPU
		{3A9A51E9-C6DF-4E8F-8430-0818769211E3}.Debug|Any CPU.Build.0 = Debug|Any CPU
		{3A9A51E9-C6DF-4E8F-8430-0818769211E3}.Release|Any CPU.ActiveCfg = Release|Any CPU
		{3A9A51E9-C6DF-4E8F-8430-0818769211E3}.Release|Any CPU.Build.0 = Release|Any CPU
	EndGlobalSection
	GlobalSection(SolutionProperties) = preSolution
		HideSolutionNode = FALSE
	EndGlobalSection
	GlobalSection(ExtensibilityGlobals) = postSolution
		SolutionGuid = {86639322-ED81-4E2F-AEE3-AA43E85378A5}
	EndGlobalSection
EndGlobal
